<?xml version="1.0" encoding="utf-8"?>
<Project ToolsVersion="4.0" xmlns="http://schemas.microsoft.com/developer/msbuild/2003">
  <ItemGroup>
    <Filter Include="src">
      <UniqueIdentifier>{4FC737F1-C7A5-4376-A066-2A32D752A2FF}</UniqueIdentifier>
      <Extensions>cpp;c;cc;cxx;c++;cppm;ixx;def;odl;idl;hpj;bat;asm;asmx</Extensions>
    </Filter>
    <Filter Include="inc">
      <UniqueIdentifier>{93995380-89BD-4b04-88EB-625FBE52EBFB}</UniqueIdentifier>
      <Extensions>h;hh;hpp;hxx;h++;hm;inl;inc;ipp;xsd</Extensions>
    </Filter>
    <Filter Include="inc\01.Window">
      <UniqueIdentifier>{16f5395e-da97-4bc2-a415-62c8c4621423}</UniqueIdentifier>
    </Filter>
    <Filter Include="inc\02.ImGui">
      <UniqueIdentifier>{94633453-c889-41dc-a8ea-0f001dcb7e53}</UniqueIdentifier>
    </Filter>
    <Filter Include="inc\03.Network">
      <UniqueIdentifier>{c207b0d2-336a-44bf-a867-072c40e59bda}</UniqueIdentifier>
    </Filter>
    <Filter Include="src\01.Window">
      <UniqueIdentifier>{2d10f3d4-996b-4851-a53b-f52c23e12eb3}</UniqueIdentifier>
    </Filter>
    <Filter Include="src\02.ImGui">
      <UniqueIdentifier>{ec70d0bb-dd17-440e-a418-1a25eebe29a1}</UniqueIdentifier>
    </Filter>
    <Filter Include="src\03.Network">
      <UniqueIdentifier>{0cbf6db5-9feb-4cfd-9652-612f2f3248c2}</UniqueIdentifier>
    </Filter>
  </ItemGroup>
  <ItemGroup>
    <ClInclude Include="DX11Renderer.h">
      <Filter>inc\01.Window</Filter>
    </ClInclude>
    <ClInclude Include="WindowManager.h">
      <Filter>inc\01.Window</Filter>
    </ClInclude>
    <ClInclude Include="WindowSystem.h">
      <Filter>inc\01.Window</Filter>
    </ClInclude>
    <ClInclude Include="ImGuiColor.h">
      <Filter>inc\02.ImGui</Filter>
    </ClInclude>
    <ClInclude Include="ImGuiSystem.h">
      <Filter>inc\02.ImGui</Filter>
    </ClInclude>
    <ClInclude Include="IWindow.h">
      <Filter>inc\01.Window</Filter>
    </ClInclude>
    <ClInclude Include="LogWindow.h">
      <Filter>inc\01.Window</Filter>
    </ClInclude>
    <ClInclude Include="ThreadPool.h">
      <Filter>inc\03.Network</Filter>
    </ClInclude>
    <ClInclude Include="Utill.h">
      <Filter>inc\02.ImGui</Filter>
    </ClInclude>
    <ClInclude Include="Packet.h">
      <Filter>inc\03.Network</Filter>
    </ClInclude>
    <ClInclude Include="PacketID.h">
      <Filter>inc\03.Network</Filter>
    </ClInclude>
    <ClInclude Include="ErrorCode.h">
      <Filter>inc\03.Network</Filter>
    </ClInclude>
  </ItemGroup>
  <ItemGroup>
    <ClCompile Include="DX11Renderer.cpp">
      <Filter>src\01.Window</Filter>
    </ClCompile>
    <ClCompile Include="ThreadPool.cpp">
      <Filter>src\03.Network</Filter>
    </ClCompile>
    <ClCompile Include="ImGuiSystem.cpp">
      <Filter>src\02.ImGui</Filter>
    </ClCompile>
    <ClCompile Include="LogWindow.cpp">
      <Filter>src\01.Window</Filter>
    </ClCompile>
    <ClCompile Include="WindowManager.cpp">
      <Filter>src\01.Window</Filter>
    </ClCompile>
    <ClCompile Include="WindowSystem.cpp">
      <Filter>src\01.Window</Filter>
    </ClCompile>
    <ClCompile Include="Utill.cpp">
      <Filter>src\03.Network</Filter>
    </ClCompile>
  </ItemGroup>
</Project>